{
    "version": 3,
    "terraform_version": "0.11.1",
    "serial": 5,
    "lineage": "fcc15d37-9c38-4f74-be2e-f1fe91fe5898",
    "modules": [
        {
            "path": [
                "root"
            ],
            "outputs": {},
            "resources": {
                "aws_internet_gateway.dev-internet-gateway": {
                    "type": "aws_internet_gateway",
                    "depends_on": [
                        "aws_vpc.dev-vpc-main"
                    ],
                    "primary": {
                        "id": "igw-23b01244",
                        "attributes": {
                            "id": "igw-23b01244",
                            "tags.%": "2",
                            "tags.Environment": "dev",
                            "tags.Name": "dev-igw",
                            "vpc_id": "vpc-a68073c0"
                        },
                        "meta": {},
                        "tainted": false
                    },
                    "deposed": [],
                    "provider": "provider.aws"
                },
                "aws_key_pair.dev-key": {
                    "type": "aws_key_pair",
                    "depends_on": [],
                    "primary": {
                        "id": "dev-it-admin-key",
                        "attributes": {
                            "id": "dev-it-admin-key",
                            "key_name": "dev-it-admin-key",
                            "public_key": "ssh-rsa AAAAB3NzaC1yc2EAAAADAQABAAABAQDWitszRT5hc+G9ZG6TFoBZabE2VzqtkvfsTubAjaocQ1JgQxFX1D+G39wKzHHn6xB8jafbdVViSYciqLyYocv5p/B2Bnzx6ztdz6WQZVd4lWMl9fsdxFL6Y79m5dG258pgREEZOQQB3OfG0uejmWRDusR5WwntXpWw4656GB7lI0vWDyaYfeccH802cISbQD0cCfEF3D929TS63xNrTtaIdoUnaSY8NwhcfE+2KBe9M7sqW5Co8+mO0shjgJiIC2mOAa0TKOuViw8pKDzxfy3ACKIjRtCJ/zZtDuCAsKkATg/15XZT742ULES+6582h7L2itYkj/8c3qAEeyQDrq3H"
                        },
                        "meta": {
                            "schema_version": "1"
                        },
                        "tainted": false
                    },
                    "deposed": [],
                    "provider": "provider.aws"
                },
                "aws_route_table.dev-rt-app-1a-prv": {
                    "type": "aws_route_table",
                    "depends_on": [
                        "aws_internet_gateway.dev-internet-gateway",
                        "aws_vpc.dev-vpc-main"
                    ],
                    "primary": {
                        "id": "rtb-f26a5294",
                        "attributes": {
                            "id": "rtb-f26a5294",
                            "propagating_vgws.#": "0",
                            "route.#": "1",
                            "route.1547977005.cidr_block": "0.0.0.0/0",
                            "route.1547977005.egress_only_gateway_id": "",
                            "route.1547977005.gateway_id": "igw-23b01244",
                            "route.1547977005.instance_id": "",
                            "route.1547977005.ipv6_cidr_block": "",
                            "route.1547977005.nat_gateway_id": "",
                            "route.1547977005.network_interface_id": "",
                            "route.1547977005.vpc_peering_connection_id": "",
                            "tags.%": "2",
                            "tags.Environment": "dev",
                            "tags.Name": "dev-rt-app-1a-prv",
                            "vpc_id": "vpc-a68073c0"
                        },
                        "meta": {},
                        "tainted": false
                    },
                    "deposed": [],
                    "provider": "provider.aws"
                },
                "aws_route_table.dev-rt-app-1a-pub": {
                    "type": "aws_route_table",
                    "depends_on": [
                        "aws_internet_gateway.dev-internet-gateway",
                        "aws_vpc.dev-vpc-main"
                    ],
                    "primary": {
                        "id": "rtb-896058ef",
                        "attributes": {
                            "id": "rtb-896058ef",
                            "propagating_vgws.#": "0",
                            "route.#": "1",
                            "route.1547977005.cidr_block": "0.0.0.0/0",
                            "route.1547977005.egress_only_gateway_id": "",
                            "route.1547977005.gateway_id": "igw-23b01244",
                            "route.1547977005.instance_id": "",
                            "route.1547977005.ipv6_cidr_block": "",
                            "route.1547977005.nat_gateway_id": "",
                            "route.1547977005.network_interface_id": "",
                            "route.1547977005.vpc_peering_connection_id": "",
                            "tags.%": "2",
                            "tags.Environment": "dev",
                            "tags.Name": "dev-rt-app-1a-pub",
                            "vpc_id": "vpc-a68073c0"
                        },
                        "meta": {},
                        "tainted": false
                    },
                    "deposed": [],
                    "provider": "provider.aws"
                },
                "aws_route_table.dev-rt-app-1b-prv": {
                    "type": "aws_route_table",
                    "depends_on": [
                        "aws_internet_gateway.dev-internet-gateway",
                        "aws_vpc.dev-vpc-main"
                    ],
                    "primary": {
                        "id": "rtb-656f5703",
                        "attributes": {
                            "id": "rtb-656f5703",
                            "propagating_vgws.#": "0",
                            "route.#": "1",
                            "route.1547977005.cidr_block": "0.0.0.0/0",
                            "route.1547977005.egress_only_gateway_id": "",
                            "route.1547977005.gateway_id": "igw-23b01244",
                            "route.1547977005.instance_id": "",
                            "route.1547977005.ipv6_cidr_block": "",
                            "route.1547977005.nat_gateway_id": "",
                            "route.1547977005.network_interface_id": "",
                            "route.1547977005.vpc_peering_connection_id": "",
                            "tags.%": "2",
                            "tags.Environment": "dev",
                            "tags.Name": "dev-rt-app-1b-prv",
                            "vpc_id": "vpc-a68073c0"
                        },
                        "meta": {},
                        "tainted": false
                    },
                    "deposed": [],
                    "provider": "provider.aws"
                },
                "aws_route_table.dev-rt-app-1b-pub": {
                    "type": "aws_route_table",
                    "depends_on": [
                        "aws_internet_gateway.dev-internet-gateway",
                        "aws_vpc.dev-vpc-main"
                    ],
                    "primary": {
                        "id": "rtb-24724a42",
                        "attributes": {
                            "id": "rtb-24724a42",
                            "propagating_vgws.#": "0",
                            "route.#": "1",
                            "route.1547977005.cidr_block": "0.0.0.0/0",
                            "route.1547977005.egress_only_gateway_id": "",
                            "route.1547977005.gateway_id": "igw-23b01244",
                            "route.1547977005.instance_id": "",
                            "route.1547977005.ipv6_cidr_block": "",
                            "route.1547977005.nat_gateway_id": "",
                            "route.1547977005.network_interface_id": "",
                            "route.1547977005.vpc_peering_connection_id": "",
                            "tags.%": "2",
                            "tags.Environment": "dev",
                            "tags.Name": "dev-rt-app-1b-pub",
                            "vpc_id": "vpc-a68073c0"
                        },
                        "meta": {},
                        "tainted": false
                    },
                    "deposed": [],
                    "provider": "provider.aws"
                },
                "aws_route_table.dev-rt-app-1c-prv": {
                    "type": "aws_route_table",
                    "depends_on": [
                        "aws_internet_gateway.dev-internet-gateway",
                        "aws_vpc.dev-vpc-main"
                    ],
                    "primary": {
                        "id": "rtb-ac6a52ca",
                        "attributes": {
                            "id": "rtb-ac6a52ca",
                            "propagating_vgws.#": "0",
                            "route.#": "1",
                            "route.1547977005.cidr_block": "0.0.0.0/0",
                            "route.1547977005.egress_only_gateway_id": "",
                            "route.1547977005.gateway_id": "igw-23b01244",
                            "route.1547977005.instance_id": "",
                            "route.1547977005.ipv6_cidr_block": "",
                            "route.1547977005.nat_gateway_id": "",
                            "route.1547977005.network_interface_id": "",
                            "route.1547977005.vpc_peering_connection_id": "",
                            "tags.%": "2",
                            "tags.Environment": "dev",
                            "tags.Name": "dev-rt-app-1c-prv",
                            "vpc_id": "vpc-a68073c0"
                        },
                        "meta": {},
                        "tainted": false
                    },
                    "deposed": [],
                    "provider": "provider.aws"
                },
                "aws_route_table.dev-rt-app-1c-pub": {
                    "type": "aws_route_table",
                    "depends_on": [
                        "aws_internet_gateway.dev-internet-gateway",
                        "aws_vpc.dev-vpc-main"
                    ],
                    "primary": {
                        "id": "rtb-fa6e569c",
                        "attributes": {
                            "id": "rtb-fa6e569c",
                            "propagating_vgws.#": "0",
                            "route.#": "1",
                            "route.1547977005.cidr_block": "0.0.0.0/0",
                            "route.1547977005.egress_only_gateway_id": "",
                            "route.1547977005.gateway_id": "igw-23b01244",
                            "route.1547977005.instance_id": "",
                            "route.1547977005.ipv6_cidr_block": "",
                            "route.1547977005.nat_gateway_id": "",
                            "route.1547977005.network_interface_id": "",
                            "route.1547977005.vpc_peering_connection_id": "",
                            "tags.%": "2",
                            "tags.Environment": "dev",
                            "tags.Name": "dev-rt-app-1c-pub",
                            "vpc_id": "vpc-a68073c0"
                        },
                        "meta": {},
                        "tainted": false
                    },
                    "deposed": [],
                    "provider": "provider.aws"
                },
                "aws_route_table.dev-rt-app-1spr-prv": {
                    "type": "aws_route_table",
                    "depends_on": [
                        "aws_internet_gateway.dev-internet-gateway",
                        "aws_vpc.dev-vpc-main"
                    ],
                    "primary": {
                        "id": "rtb-df6c54b9",
                        "attributes": {
                            "id": "rtb-df6c54b9",
                            "propagating_vgws.#": "0",
                            "route.#": "1",
                            "route.1547977005.cidr_block": "0.0.0.0/0",
                            "route.1547977005.egress_only_gateway_id": "",
                            "route.1547977005.gateway_id": "igw-23b01244",
                            "route.1547977005.instance_id": "",
                            "route.1547977005.ipv6_cidr_block": "",
                            "route.1547977005.nat_gateway_id": "",
                            "route.1547977005.network_interface_id": "",
                            "route.1547977005.vpc_peering_connection_id": "",
                            "tags.%": "2",
                            "tags.Environment": "dev",
                            "tags.Name": "dev-rt-app-1spr-prv",
                            "vpc_id": "vpc-a68073c0"
                        },
                        "meta": {},
                        "tainted": false
                    },
                    "deposed": [],
                    "provider": "provider.aws"
                },
                "aws_route_table.dev-rt-app-1spr-pub": {
                    "type": "aws_route_table",
                    "depends_on": [
                        "aws_internet_gateway.dev-internet-gateway",
                        "aws_vpc.dev-vpc-main"
                    ],
                    "primary": {
                        "id": "rtb-c0724aa6",
                        "attributes": {
                            "id": "rtb-c0724aa6",
                            "propagating_vgws.#": "0",
                            "route.#": "1",
                            "route.1547977005.cidr_block": "0.0.0.0/0",
                            "route.1547977005.egress_only_gateway_id": "",
                            "route.1547977005.gateway_id": "igw-23b01244",
                            "route.1547977005.instance_id": "",
                            "route.1547977005.ipv6_cidr_block": "",
                            "route.1547977005.nat_gateway_id": "",
                            "route.1547977005.network_interface_id": "",
                            "route.1547977005.vpc_peering_connection_id": "",
                            "tags.%": "2",
                            "tags.Environment": "dev",
                            "tags.Name": "dev-rt-app-1spr-pub",
                            "vpc_id": "vpc-a68073c0"
                        },
                        "meta": {},
                        "tainted": false
                    },
                    "deposed": [],
                    "provider": "provider.aws"
                },
                "aws_route_table_association.dev-rt-app-1a-prv": {
                    "type": "aws_route_table_association",
                    "depends_on": [
                        "aws_route_table.dev-rt-app-1a-prv",
                        "aws_subnet.dev-subnet-app-1a-prv"
                    ],
                    "primary": {
                        "id": "rtbassoc-e26e989a",
                        "attributes": {
                            "id": "rtbassoc-e26e989a",
                            "route_table_id": "rtb-f26a5294",
                            "subnet_id": "subnet-92f3eef5"
                        },
                        "meta": {},
                        "tainted": false
                    },
                    "deposed": [],
                    "provider": "provider.aws"
                },
                "aws_route_table_association.dev-rt-app-1a-pub": {
                    "type": "aws_route_table_association",
                    "depends_on": [
                        "aws_route_table.dev-rt-app-1a-pub",
                        "aws_subnet.dev-subnet-app-1a-pub"
                    ],
                    "primary": {
                        "id": "rtbassoc-996690e1",
                        "attributes": {
                            "id": "rtbassoc-996690e1",
                            "route_table_id": "rtb-896058ef",
                            "subnet_id": "subnet-b3f0edd4"
                        },
                        "meta": {},
                        "tainted": false
                    },
                    "deposed": [],
                    "provider": "provider.aws"
                },
                "aws_route_table_association.dev-rt-app-1b-prv": {
                    "type": "aws_route_table_association",
                    "depends_on": [
                        "aws_route_table.dev-rt-app-1b-prv",
                        "aws_subnet.dev-subnet-app-1b-prv"
                    ],
                    "primary": {
                        "id": "rtbassoc-d56791ad",
                        "attributes": {
                            "id": "rtbassoc-d56791ad",
                            "route_table_id": "rtb-656f5703",
                            "subnet_id": "subnet-8a48a9c2"
                        },
                        "meta": {},
                        "tainted": false
                    },
                    "deposed": [],
                    "provider": "provider.aws"
                },
                "aws_route_table_association.dev-rt-app-1b-pub": {
                    "type": "aws_route_table_association",
                    "depends_on": [
                        "aws_route_table.dev-rt-app-1b-pub",
                        "aws_subnet.dev-subnet-app-1b-pub"
                    ],
                    "primary": {
                        "id": "rtbassoc-cd6d9bb5",
                        "attributes": {
                            "id": "rtbassoc-cd6d9bb5",
                            "route_table_id": "rtb-24724a42",
                            "subnet_id": "subnet-a44baaec"
                        },
                        "meta": {},
                        "tainted": false
                    },
                    "deposed": [],
                    "provider": "provider.aws"
                },
                "aws_route_table_association.dev-rt-app-1c-prv": {
                    "type": "aws_route_table_association",
                    "depends_on": [
                        "aws_route_table.dev-rt-app-1c-prv",
                        "aws_subnet.dev-subnet-app-1c-prv"
                    ],
                    "primary": {
                        "id": "rtbassoc-c0798fb8",
                        "attributes": {
                            "id": "rtbassoc-c0798fb8",
                            "route_table_id": "rtb-ac6a52ca",
                            "subnet_id": "subnet-5431680f"
                        },
                        "meta": {},
                        "tainted": false
                    },
                    "deposed": [],
                    "provider": "provider.aws"
                },
                "aws_route_table_association.dev-rt-app-1c-pub": {
                    "type": "aws_route_table_association",
                    "depends_on": [
                        "aws_route_table.dev-rt-app-1c-pub",
                        "aws_subnet.dev-subnet-app-1c-pub"
                    ],
                    "primary": {
                        "id": "rtbassoc-28609650",
                        "attributes": {
                            "id": "rtbassoc-28609650",
                            "route_table_id": "rtb-fa6e569c",
                            "subnet_id": "subnet-bf3f66e4"
                        },
                        "meta": {},
                        "tainted": false
                    },
                    "deposed": [],
                    "provider": "provider.aws"
                },
                "aws_route_table_association.dev-rt-app-1spr-prv": {
                    "type": "aws_route_table_association",
                    "depends_on": [
                        "aws_route_table.dev-rt-app-1spr-prv",
                        "aws_subnet.dev-subnet-app-1spr-prv"
                    ],
                    "primary": {
                        "id": "rtbassoc-316e9849",
                        "attributes": {
                            "id": "rtbassoc-316e9849",
                            "route_table_id": "rtb-df6c54b9",
                            "subnet_id": "subnet-9af4e9fd"
                        },
                        "meta": {},
                        "tainted": false
                    },
                    "deposed": [],
                    "provider": "provider.aws"
                },
                "aws_route_table_association.dev-rt-app-1spr-pub": {
                    "type": "aws_route_table_association",
                    "depends_on": [
                        "aws_route_table.dev-rt-app-1spr-pub",
                        "aws_subnet.dev-subnet-app-1spr-pub"
                    ],
                    "primary": {
                        "id": "rtbassoc-cf798fb7",
                        "attributes": {
                            "id": "rtbassoc-cf798fb7",
                            "route_table_id": "rtb-c0724aa6",
                            "subnet_id": "subnet-87fce1e0"
                        },
                        "meta": {},
                        "tainted": false
                    },
                    "deposed": [],
                    "provider": "provider.aws"
                },
                "aws_subnet.dev-subnet-app-1a-prv": {
                    "type": "aws_subnet",
                    "depends_on": [
                        "aws_vpc.dev-vpc-main"
                    ],
                    "primary": {
                        "id": "subnet-92f3eef5",
                        "attributes": {
                            "assign_ipv6_address_on_creation": "false",
                            "availability_zone": "eu-west-1a",
                            "cidr_block": "172.16.32.0/20",
                            "id": "subnet-92f3eef5",
                            "map_public_ip_on_launch": "false",
                            "tags.%": "2",
                            "tags.Environment": "dev",
                            "tags.Name": "dev-subnet-app-1a-prv",
                            "vpc_id": "vpc-a68073c0"
                        },
                        "meta": {
                            "schema_version": "1"
                        },
                        "tainted": false
                    },
                    "deposed": [],
                    "provider": "provider.aws"
                },
                "aws_subnet.dev-subnet-app-1a-pub": {
                    "type": "aws_subnet",
                    "depends_on": [
                        "aws_vpc.dev-vpc-main"
                    ],
                    "primary": {
                        "id": "subnet-b3f0edd4",
                        "attributes": {
                            "assign_ipv6_address_on_creation": "false",
                            "availability_zone": "eu-west-1a",
                            "cidr_block": "172.16.0.0/19",
                            "id": "subnet-b3f0edd4",
                            "map_public_ip_on_launch": "false",
                            "tags.%": "2",
                            "tags.Environment": "dev",
                            "tags.Name": "dev-subnet-app-1a-pub",
                            "vpc_id": "vpc-a68073c0"
                        },
                        "meta": {
                            "schema_version": "1"
                        },
                        "tainted": false
                    },
                    "deposed": [],
                    "provider": "provider.aws"
                },
                "aws_subnet.dev-subnet-app-1b-prv": {
                    "type": "aws_subnet",
                    "depends_on": [
                        "aws_vpc.dev-vpc-main"
                    ],
                    "primary": {
                        "id": "subnet-8a48a9c2",
                        "attributes": {
                            "assign_ipv6_address_on_creation": "false",
                            "availability_zone": "eu-west-1b",
                            "cidr_block": "172.16.96.0/20",
                            "id": "subnet-8a48a9c2",
                            "map_public_ip_on_launch": "false",
                            "tags.%": "2",
                            "tags.Environment": "dev",
                            "tags.Name": "dev-subnet-app-1b-prv",
                            "vpc_id": "vpc-a68073c0"
                        },
                        "meta": {
                            "schema_version": "1"
                        },
                        "tainted": false
                    },
                    "deposed": [],
                    "provider": "provider.aws"
                },
                "aws_subnet.dev-subnet-app-1b-pub": {
                    "type": "aws_subnet",
                    "depends_on": [
                        "aws_vpc.dev-vpc-main"
                    ],
                    "primary": {
                        "id": "subnet-a44baaec",
                        "attributes": {
                            "assign_ipv6_address_on_creation": "false",
                            "availability_zone": "eu-west-1b",
                            "cidr_block": "172.16.64.0/19",
                            "id": "subnet-a44baaec",
                            "map_public_ip_on_launch": "false",
                            "tags.%": "2",
                            "tags.Environment": "dev",
                            "tags.Name": "dev-subnet-app-1b-pub",
                            "vpc_id": "vpc-a68073c0"
                        },
                        "meta": {
                            "schema_version": "1"
                        },
                        "tainted": false
                    },
                    "deposed": [],
                    "provider": "provider.aws"
                },
                "aws_subnet.dev-subnet-app-1c-prv": {
                    "type": "aws_subnet",
                    "depends_on": [
                        "aws_vpc.dev-vpc-main"
                    ],
                    "primary": {
                        "id": "subnet-5431680f",
                        "attributes": {
                            "assign_ipv6_address_on_creation": "false",
                            "availability_zone": "eu-west-1c",
                            "cidr_block": "172.16.160.0/20",
                            "id": "subnet-5431680f",
                            "map_public_ip_on_launch": "false",
                            "tags.%": "2",
                            "tags.Environment": "dev",
                            "tags.Name": "dev-subnet-app-1c-prv",
                            "vpc_id": "vpc-a68073c0"
                        },
                        "meta": {
                            "schema_version": "1"
                        },
                        "tainted": false
                    },
                    "deposed": [],
                    "provider": "provider.aws"
                },
                "aws_subnet.dev-subnet-app-1c-pub": {
                    "type": "aws_subnet",
                    "depends_on": [
                        "aws_vpc.dev-vpc-main"
                    ],
                    "primary": {
                        "id": "subnet-bf3f66e4",
                        "attributes": {
                            "assign_ipv6_address_on_creation": "false",
                            "availability_zone": "eu-west-1c",
                            "cidr_block": "172.16.128.0/19",
                            "id": "subnet-bf3f66e4",
                            "map_public_ip_on_launch": "false",
                            "tags.%": "2",
                            "tags.Environment": "dev",
                            "tags.Name": "dev-subnet-app-1c-pub",
                            "vpc_id": "vpc-a68073c0"
                        },
                        "meta": {
                            "schema_version": "1"
                        },
                        "tainted": false
                    },
                    "deposed": [],
                    "provider": "provider.aws"
                },
                "aws_subnet.dev-subnet-app-1spr-prv": {
                    "type": "aws_subnet",
                    "depends_on": [
                        "aws_vpc.dev-vpc-main"
                    ],
                    "primary": {
                        "id": "subnet-9af4e9fd",
                        "attributes": {
                            "assign_ipv6_address_on_creation": "false",
                            "availability_zone": "eu-west-1a",
                            "cidr_block": "172.16.224.0/20",
                            "id": "subnet-9af4e9fd",
                            "map_public_ip_on_launch": "false",
                            "tags.%": "2",
                            "tags.Environment": "dev",
                            "tags.Name": "dev-subnet-app-1spr-prv",
                            "vpc_id": "vpc-a68073c0"
                        },
                        "meta": {
                            "schema_version": "1"
                        },
                        "tainted": false
                    },
                    "deposed": [],
                    "provider": "provider.aws"
                },
                "aws_subnet.dev-subnet-app-1spr-pub": {
                    "type": "aws_subnet",
                    "depends_on": [
                        "aws_vpc.dev-vpc-main"
                    ],
                    "primary": {
                        "id": "subnet-87fce1e0",
                        "attributes": {
                            "assign_ipv6_address_on_creation": "false",
                            "availability_zone": "eu-west-1a",
                            "cidr_block": "172.16.192.0/19",
                            "id": "subnet-87fce1e0",
                            "map_public_ip_on_launch": "false",
                            "tags.%": "2",
                            "tags.Environment": "dev",
                            "tags.Name": "dev-subnet-app-1spr-pub",
                            "vpc_id": "vpc-a68073c0"
                        },
                        "meta": {
                            "schema_version": "1"
                        },
                        "tainted": false
                    },
                    "deposed": [],
                    "provider": "provider.aws"
                },
                "aws_vpc.dev-vpc-main": {
                    "type": "aws_vpc",
                    "depends_on": [],
                    "primary": {
                        "id": "vpc-a68073c0",
                        "attributes": {
                            "assign_generated_ipv6_cidr_block": "false",
                            "cidr_block": "172.16.0.0/16",
                            "default_network_acl_id": "acl-bba2c7dd",
                            "default_route_table_id": "rtb-ec764e8a",
                            "default_security_group_id": "sg-57faeb2c",
                            "dhcp_options_id": "dopt-788b2d1c",
                            "enable_classiclink": "false",
                            "enable_classiclink_dns_support": "false",
                            "enable_dns_hostnames": "true",
                            "enable_dns_support": "true",
                            "id": "vpc-a68073c0",
                            "instance_tenancy": "default",
                            "main_route_table_id": "rtb-ec764e8a",
                            "tags.%": "2",
                            "tags.Environment": "dev",
                            "tags.Name": "dev-vpc"
                        },
                        "meta": {
                            "schema_version": "1"
                        },
                        "tainted": false
                    },
                    "deposed": [],
                    "provider": "provider.aws"
                }
            },
            "depends_on": []
        }
    ]
}
